// !$*UTF8*$!
{
	archiveVersion = 1;
	classes = {
	};
	objectVersion = 50;
	objects = {

/* Begin PBXBuildFile section */
		7DB48FEB4D4824859BE8E061 /* libPods-Multithreading-Semaphore.a in Frameworks */ = {isa = PBXBuildFile; fileRef = 7A9FF59A55D2E52B35098E56 /* libPods-Multithreading-Semaphore.a */; };
		ED13377820E48CB800DEA09E /* AppDelegate.m in Sources */ = {isa = PBXBuildFile; fileRef = ED13377720E48CB800DEA09E /* AppDelegate.m */; };
		ED13377B20E48CB800DEA09E /* ViewController.m in Sources */ = {isa = PBXBuildFile; fileRef = ED13377A20E48CB800DEA09E /* ViewController.m */; };
		ED13377E20E48CB800DEA09E /* Main.storyboard in Resources */ = {isa = PBXBuildFile; fileRef = ED13377C20E48CB800DEA09E /* Main.storyboard */; };
		ED13378020E48CB900DEA09E /* Assets.xcassets in Resources */ = {isa = PBXBuildFile; fileRef = ED13377F20E48CB900DEA09E /* Assets.xcassets */; };
		ED13378320E48CB900DEA09E /* LaunchScreen.storyboard in Resources */ = {isa = PBXBuildFile; fileRef = ED13378120E48CB900DEA09E /* LaunchScreen.storyboard */; };
		ED13378620E48CB900DEA09E /* main.m in Sources */ = {isa = PBXBuildFile; fileRef = ED13378520E48CB900DEA09E /* main.m */; };
		ED82DE63212D3BB400AC5FEA /* Read.m in Sources */ = {isa = PBXBuildFile; fileRef = ED82DE62212D3BB400AC5FEA /* Read.m */; };
		ED82DE65212D3CA600AC5FEA /* GCD之同步任务 | CD's log.m in Sources */ = {isa = PBXBuildFile; fileRef = ED82DE64212D3CA600AC5FEA /* GCD之同步任务 | CD's log.m */; };
		ED82DE9A212DA89000AC5FEA /* Podfile in Resources */ = {isa = PBXBuildFile; fileRef = ED82DE99212DA89000AC5FEA /* Podfile */; };
/* End PBXBuildFile section */

/* Begin PBXFileReference section */
		447BB953B6BEABB6D9F579ED /* Pods-Multithreading-Semaphore.debug.xcconfig */ = {isa = PBXFileReference; includeInIndex = 1; lastKnownFileType = text.xcconfig; name = "Pods-Multithreading-Semaphore.debug.xcconfig"; path = "Pods/Target Support Files/Pods-Multithreading-Semaphore/Pods-Multithreading-Semaphore.debug.xcconfig"; sourceTree = "<group>"; };
		7A9FF59A55D2E52B35098E56 /* libPods-Multithreading-Semaphore.a */ = {isa = PBXFileReference; explicitFileType = archive.ar; includeInIndex = 0; path = "libPods-Multithreading-Semaphore.a"; sourceTree = BUILT_PRODUCTS_DIR; };
		AE729127E5BCCCD7F723F3EE /* Pods-Multithreading-Semaphore.release.xcconfig */ = {isa = PBXFileReference; includeInIndex = 1; lastKnownFileType = text.xcconfig; name = "Pods-Multithreading-Semaphore.release.xcconfig"; path = "Pods/Target Support Files/Pods-Multithreading-Semaphore/Pods-Multithreading-Semaphore.release.xcconfig"; sourceTree = "<group>"; };
		ED13377320E48CB800DEA09E /* Multithreading-Semaphore.app */ = {isa = PBXFileReference; explicitFileType = wrapper.application; includeInIndex = 0; path = "Multithreading-Semaphore.app"; sourceTree = BUILT_PRODUCTS_DIR; };
		ED13377620E48CB800DEA09E /* AppDelegate.h */ = {isa = PBXFileReference; lastKnownFileType = sourcecode.c.h; path = AppDelegate.h; sourceTree = "<group>"; };
		ED13377720E48CB800DEA09E /* AppDelegate.m */ = {isa = PBXFileReference; lastKnownFileType = sourcecode.c.objc; path = AppDelegate.m; sourceTree = "<group>"; };
		ED13377920E48CB800DEA09E /* ViewController.h */ = {isa = PBXFileReference; lastKnownFileType = sourcecode.c.h; path = ViewController.h; sourceTree = "<group>"; };
		ED13377A20E48CB800DEA09E /* ViewController.m */ = {isa = PBXFileReference; lastKnownFileType = sourcecode.c.objc; path = ViewController.m; sourceTree = "<group>"; };
		ED13377D20E48CB800DEA09E /* Base */ = {isa = PBXFileReference; lastKnownFileType = file.storyboard; name = Base; path = Base.lproj/Main.storyboard; sourceTree = "<group>"; };
		ED13377F20E48CB900DEA09E /* Assets.xcassets */ = {isa = PBXFileReference; lastKnownFileType = folder.assetcatalog; path = Assets.xcassets; sourceTree = "<group>"; };
		ED13378220E48CB900DEA09E /* Base */ = {isa = PBXFileReference; lastKnownFileType = file.storyboard; name = Base; path = Base.lproj/LaunchScreen.storyboard; sourceTree = "<group>"; };
		ED13378420E48CB900DEA09E /* Info.plist */ = {isa = PBXFileReference; lastKnownFileType = text.plist.xml; path = Info.plist; sourceTree = "<group>"; };
		ED13378520E48CB900DEA09E /* main.m */ = {isa = PBXFileReference; lastKnownFileType = sourcecode.c.objc; path = main.m; sourceTree = "<group>"; };
		ED82DE62212D3BB400AC5FEA /* Read.m */ = {isa = PBXFileReference; lastKnownFileType = sourcecode.c.objc; path = Read.m; sourceTree = "<group>"; };
		ED82DE64212D3CA600AC5FEA /* GCD之同步任务 | CD's log.m */ = {isa = PBXFileReference; lastKnownFileType = sourcecode.c.objc; path = "GCD之同步任务 | CD's log.m"; sourceTree = "<group>"; };
		ED82DE99212DA89000AC5FEA /* Podfile */ = {isa = PBXFileReference; fileEncoding = 4; lastKnownFileType = text; path = Podfile; sourceTree = SOURCE_ROOT; };
/* End PBXFileReference section */

/* Begin PBXFrameworksBuildPhase section */
		ED13377020E48CB800DEA09E /* Frameworks */ = {
			isa = PBXFrameworksBuildPhase;
			buildActionMask = 2147483647;
			files = (
				7DB48FEB4D4824859BE8E061 /* libPods-Multithreading-Semaphore.a in Frameworks */,
			);
			runOnlyForDeploymentPostprocessing = 0;
		};
/* End PBXFrameworksBuildPhase section */

/* Begin PBXGroup section */
		6870479E75431466AF8E055F /* Frameworks */ = {
			isa = PBXGroup;
			children = (
				7A9FF59A55D2E52B35098E56 /* libPods-Multithreading-Semaphore.a */,
			);
			name = Frameworks;
			sourceTree = "<group>";
		};
		89E079D5470AC17680DA729D /* Pods */ = {
			isa = PBXGroup;
			children = (
				447BB953B6BEABB6D9F579ED /* Pods-Multithreading-Semaphore.debug.xcconfig */,
				AE729127E5BCCCD7F723F3EE /* Pods-Multithreading-Semaphore.release.xcconfig */,
			);
			name = Pods;
			sourceTree = "<group>";
		};
		ED13376A20E48CB800DEA09E = {
			isa = PBXGroup;
			children = (
				ED13377520E48CB800DEA09E /* Multithreading-Semaphore */,
				ED13377420E48CB800DEA09E /* Products */,
				89E079D5470AC17680DA729D /* Pods */,
				6870479E75431466AF8E055F /* Frameworks */,
			);
			sourceTree = "<group>";
		};
		ED13377420E48CB800DEA09E /* Products */ = {
			isa = PBXGroup;
			children = (
				ED13377320E48CB800DEA09E /* Multithreading-Semaphore.app */,
			);
			name = Products;
			sourceTree = "<group>";
		};
		ED13377520E48CB800DEA09E /* Multithreading-Semaphore */ = {
			isa = PBXGroup;
			children = (
				ED82DE99212DA89000AC5FEA /* Podfile */,
				ED13377620E48CB800DEA09E /* AppDelegate.h */,
				ED13377720E48CB800DEA09E /* AppDelegate.m */,
				ED13377920E48CB800DEA09E /* ViewController.h */,
				ED13377A20E48CB800DEA09E /* ViewController.m */,
				ED82DE62212D3BB400AC5FEA /* Read.m */,
				ED82DE64212D3CA600AC5FEA /* GCD之同步任务 | CD's log.m */,
				ED13377C20E48CB800DEA09E /* Main.storyboard */,
				ED13377F20E48CB900DEA09E /* Assets.xcassets */,
				ED13378120E48CB900DEA09E /* LaunchScreen.storyboard */,
				ED13378420E48CB900DEA09E /* Info.plist */,
				ED13378520E48CB900DEA09E /* main.m */,
			);
			path = "Multithreading-Semaphore";
			sourceTree = "<group>";
		};
/* End PBXGroup section */

/* Begin PBXNativeTarget section */
		ED13377220E48CB800DEA09E /* Multithreading-Semaphore */ = {
			isa = PBXNativeTarget;
			buildConfigurationList = ED13378920E48CB900DEA09E /* Build configuration list for PBXNativeTarget "Multithreading-Semaphore" */;
			buildPhases = (
				41C17981982FC922EB509553 /* [CP] Check Pods Manifest.lock */,
				ED13376F20E48CB800DEA09E /* Sources */,
				ED13377020E48CB800DEA09E /* Frameworks */,
				ED13377120E48CB800DEA09E /* Resources */,
				85C791CEF6EA292C9ADF169F /* [CP] Embed Pods Frameworks */,
				A24A108052A4A0A2A82D5DF3 /* [CP] Copy Pods Resources */,
			);
			buildRules = (
			);
			dependencies = (
			);
			name = "Multithreading-Semaphore";
			productName = "Multithreading-Semaphore";
			productReference = ED13377320E48CB800DEA09E /* Multithreading-Semaphore.app */;
			productType = "com.apple.product-type.application";
		};
/* End PBXNativeTarget section */

/* Begin PBXProject section */
		ED13376B20E48CB800DEA09E /* Project object */ = {
			isa = PBXProject;
			attributes = {
				LastUpgradeCheck = 0940;
				ORGANIZATIONNAME = frizzlefur;
				TargetAttributes = {
					ED13377220E48CB800DEA09E = {
						CreatedOnToolsVersion = 9.4.1;
					};
				};
			};
			buildConfigurationList = ED13376E20E48CB800DEA09E /* Build configuration list for PBXProject "Multithreading-Semaphore" */;
			compatibilityVersion = "Xcode 9.3";
			developmentRegion = en;
			hasScannedForEncodings = 0;
			knownRegions = (
				en,
				Base,
			);
			mainGroup = ED13376A20E48CB800DEA09E;
			productRefGroup = ED13377420E48CB800DEA09E /* Products */;
			projectDirPath = "";
			projectRoot = "";
			targets = (
				ED13377220E48CB800DEA09E /* Multithreading-Semaphore */,
			);
		};
/* End PBXProject section */

/* Begin PBXResourcesBuildPhase section */
		ED13377120E48CB800DEA09E /* Resources */ = {
			isa = PBXResourcesBuildPhase;
			buildActionMask = 2147483647;
			files = (
				ED13378320E48CB900DEA09E /* LaunchScreen.storyboard in Resources */,
				ED13378020E48CB900DEA09E /* Assets.xcassets in Resources */,
				ED82DE9A212DA89000AC5FEA /* Podfile in Resources */,
				ED13377E20E48CB800DEA09E /* Main.storyboard in Resources */,
			);
			runOnlyForDeploymentPostprocessing = 0;
		};
/* End PBXResourcesBuildPhase section */

/* Begin PBXShellScriptBuildPhase section */
		41C17981982FC922EB509553 /* [CP] Check Pods Manifest.lock */ = {
			isa = PBXShellScriptBuildPhase;
			buildActionMask = 2147483647;
			files = (
			);
			inputPaths = (
				"${PODS_PODFILE_DIR_PATH}/Podfile.lock",
				"${PODS_ROOT}/Manifest.lock",
			);
			name = "[CP] Check Pods Manifest.lock";
			outputPaths = (
				"$(DERIVED_FILE_DIR)/Pods-Multithreading-Semaphore-checkManifestLockResult.txt",
			);
			runOnlyForDeploymentPostprocessing = 0;
			shellPath = /bin/sh;
			shellScript = "diff \"${PODS_PODFILE_DIR_PATH}/Podfile.lock\" \"${PODS_ROOT}/Manifest.lock\" > /dev/null\nif [ $? != 0 ] ; then\n    # print error to STDERR\n    echo \"error: The sandbox is not in sync with the Podfile.lock. Run 'pod install' or update your CocoaPods installation.\" >&2\n    exit 1\nfi\n# This output is used by Xcode 'outputs' to avoid re-running this script phase.\necho \"SUCCESS\" > \"${SCRIPT_OUTPUT_FILE_0}\"\n";
			showEnvVarsInLog = 0;
		};
		85C791CEF6EA292C9ADF169F /* [CP] Embed Pods Frameworks */ = {
			isa = PBXShellScriptBuildPhase;
			buildActionMask = 2147483647;
			files = (
			);
			inputPaths = (
			);
			name = "[CP] Embed Pods Frameworks";
			outputPaths = (
			);
			runOnlyForDeploymentPostprocessing = 0;
			shellPath = /bin/sh;
			shellScript = "\"${SRCROOT}/Pods/Target Support Files/Pods-Multithreading-Semaphore/Pods-Multithreading-Semaphore-frameworks.sh\"\n";
			showEnvVarsInLog = 0;
		};
		A24A108052A4A0A2A82D5DF3 /* [CP] Copy Pods Resources */ = {
			isa = PBXShellScriptBuildPhase;
			buildActionMask = 2147483647;
			files = (
			);
			inputPaths = (
			);
			name = "[CP] Copy Pods Resources";
			outputPaths = (
			);
			runOnlyForDeploymentPostprocessing = 0;
			shellPath = /bin/sh;
			shellScript = "\"${SRCROOT}/Pods/Target Support Files/Pods-Multithreading-Semaphore/Pods-Multithreading-Semaphore-resources.sh\"\n";
			showEnvVarsInLog = 0;
		};
/* End PBXShellScriptBuildPhase section */

/* Begin PBXSourcesBuildPhase section */
		ED13376F20E48CB800DEA09E /* Sources */ = {
			isa = PBXSourcesBuildPhase;
			buildActionMask = 2147483647;
			files = (
				ED82DE65212D3CA600AC5FEA /* GCD之同步任务 | CD's log.m in Sources */,
				ED13377B20E48CB800DEA09E /* ViewController.m in Sources */,
				ED82DE63212D3BB400AC5FEA /* Read.m in Sources */,
				ED13378620E48CB900DEA09E /* main.m in Sources */,
				ED13377820E48CB800DEA09E /* AppDelegate.m in Sources */,
			);
			runOnlyForDeploymentPostprocessing = 0;
		};
/* End PBXSourcesBuildPhase section */

/* Begin PBXVariantGroup section */
		ED13377C20E48CB800DEA09E /* Main.storyboard */ = {
			isa = PBXVariantGroup;
			children = (
				ED13377D20E48CB800DEA09E /* Base */,
			);
			name = Main.storyboard;
			sourceTree = "<group>";
		};
		ED13378120E48CB900DEA09E /* LaunchScreen.storyboard */ = {
			isa = PBXVariantGroup;
			children = (
				ED13378220E48CB900DEA09E /* Base */,
			);
			name = LaunchScreen.storyboard;
			sourceTree = "<group>";
		};
/* End PBXVariantGroup section */

/* Begin XCBuildConfiguration section */
		ED13378720E48CB900DEA09E /* Debug */ = {
			isa = XCBuildConfiguration;
			buildSettings = {
				ALWAYS_SEARCH_USER_PATHS = NO;
				CLANG_ANALYZER_NONNULL = YES;
				CLANG_ANALYZER_NUMBER_OBJECT_CONVERSION = YES_AGGRESSIVE;
				CLANG_CXX_LANGUAGE_STANDARD = "gnu++14";
				CLANG_CXX_LIBRARY = "libc++";
				CLANG_ENABLE_MODULES = YES;
				CLANG_ENABLE_OBJC_ARC = YES;
				CLANG_ENABLE_OBJC_WEAK = YES;
				CLANG_WARN_BLOCK_CAPTURE_AUTORELEASING = YES;
				CLANG_WARN_BOOL_CONVERSION = YES;
				CLANG_WARN_COMMA = YES;
				CLANG_WARN_CONSTANT_CONVERSION = YES;
				CLANG_WARN_DEPRECATED_OBJC_IMPLEMENTATIONS = YES;
				CLANG_WARN_DIRECT_OBJC_ISA_USAGE = YES_ERROR;
				CLANG_WARN_DOCUMENTATION_COMMENTS = YES;
				CLANG_WARN_EMPTY_BODY = YES;
				CLANG_WARN_ENUM_CONVERSION = YES;
				CLANG_WARN_INFINITE_RECURSION = YES;
				CLANG_WARN_INT_CONVERSION = YES;
				CLANG_WARN_NON_LITERAL_NULL_CONVERSION = YES;
				CLANG_WARN_OBJC_IMPLICIT_RETAIN_SELF = YES;
				CLANG_WARN_OBJC_LITERAL_CONVERSION = YES;
				CLANG_WARN_OBJC_ROOT_CLASS = YES_ERROR;
				CLANG_WARN_RANGE_LOOP_ANALYSIS = YES;
				CLANG_WARN_STRICT_PROTOTYPES = YES;
				CLANG_WARN_SUSPICIOUS_MOVE = YES;
				CLANG_WARN_UNGUARDED_AVAILABILITY = YES_AGGRESSIVE;
				CLANG_WARN_UNREACHABLE_CODE = YES;
				CLANG_WARN__DUPLICATE_METHOD_MATCH = YES;
				CODE_SIGN_IDENTITY = "iPhone Developer";
				COPY_PHASE_STRIP = NO;
				DEBUG_INFORMATION_FORMAT = dwarf;
				ENABLE_STRICT_OBJC_MSGSEND = YES;
				ENABLE_TESTABILITY = YES;
				GCC_C_LANGUAGE_STANDARD = gnu11;
				GCC_DYNAMIC_NO_PIC = NO;
				GCC_NO_COMMON_BLOCKS = YES;
				GCC_OPTIMIZATION_LEVEL = 0;
				GCC_PREPROCESSOR_DEFINITIONS = (
					"DEBUG=1",
					"$(inherited)",
				);
				GCC_WARN_64_TO_32_BIT_CONVERSION = YES;
				GCC_WARN_ABOUT_RETURN_TYPE = YES_ERROR;
				GCC_WARN_UNDECLARED_SELECTOR = YES;
				GCC_WARN_UNINITIALIZED_AUTOS = YES_AGGRESSIVE;
				GCC_WARN_UNUSED_FUNCTION = YES;
				GCC_WARN_UNUSED_VARIABLE = YES;
				IPHONEOS_DEPLOYMENT_TARGET = 11.4;
				MTL_ENABLE_DEBUG_INFO = YES;
				ONLY_ACTIVE_ARCH = YES;
				SDKROOT = iphoneos;
			};
			name = Debug;
		};
		ED13378820E48CB900DEA09E /* Release */ = {
			isa = XCBuildConfiguration;
			buildSettings = {
				ALWAYS_SEARCH_USER_PATHS = NO;
				CLANG_ANALYZER_NONNULL = YES;
				CLANG_ANALYZER_NUMBER_OBJECT_CONVERSION = YES_AGGRESSIVE;
				CLANG_CXX_LANGUAGE_STANDARD = "gnu++14";
				CLANG_CXX_LIBRARY = "libc++";
				CLANG_ENABLE_MODULES = YES;
				CLANG_ENABLE_OBJC_ARC = YES;
				CLANG_ENABLE_OBJC_WEAK = YES;
				CLANG_WARN_BLOCK_CAPTURE_AUTORELEASING = YES;
				CLANG_WARN_BOOL_CONVERSION = YES;
				CLANG_WARN_COMMA = YES;
				CLANG_WARN_CONSTANT_CONVERSION = YES;
				CLANG_WARN_DEPRECATED_OBJC_IMPLEMENTATIONS = YES;
				CLANG_WARN_DIRECT_OBJC_ISA_USAGE = YES_ERROR;
				CLANG_WARN_DOCUMENTATION_COMMENTS = YES;
				CLANG_WARN_EMPTY_BODY = YES;
				CLANG_WARN_ENUM_CONVERSION = YES;
				CLANG_WARN_INFINITE_RECURSION = YES;
				CLANG_WARN_INT_CONVERSION = YES;
				CLANG_WARN_NON_LITERAL_NULL_CONVERSION = YES;
				CLANG_WARN_OBJC_IMPLICIT_RETAIN_SELF = YES;
				CLANG_WARN_OBJC_LITERAL_CONVERSION = YES;
				CLANG_WARN_OBJC_ROOT_CLASS = YES_ERROR;
				CLANG_WARN_RANGE_LOOP_ANALYSIS = YES;
				CLANG_WARN_STRICT_PROTOTYPES = YES;
				CLANG_WARN_SUSPICIOUS_MOVE = YES;
				CLANG_WARN_UNGUARDED_AVAILABILITY = YES_AGGRESSIVE;
				CLANG_WARN_UNREACHABLE_CODE = YES;
				CLANG_WARN__DUPLICATE_METHOD_MATCH = YES;
				CODE_SIGN_IDENTITY = "iPhone Developer";
				COPY_PHASE_STRIP = NO;
				DEBUG_INFORMATION_FORMAT = "dwarf-with-dsym";
				ENABLE_NS_ASSERTIONS = NO;
				ENABLE_STRICT_OBJC_MSGSEND = YES;
				GCC_C_LANGUAGE_STANDARD = gnu11;
				GCC_NO_COMMON_BLOCKS = YES;
				GCC_WARN_64_TO_32_BIT_CONVERSION = YES;
				GCC_WARN_ABOUT_RETURN_TYPE = YES_ERROR;
				GCC_WARN_UNDECLARED_SELECTOR = YES;
				GCC_WARN_UNINITIALIZED_AUTOS = YES_AGGRESSIVE;
				GCC_WARN_UNUSED_FUNCTION = YES;
				GCC_WARN_UNUSED_VARIABLE = YES;
				IPHONEOS_DEPLOYMENT_TARGET = 11.4;
				MTL_ENABLE_DEBUG_INFO = NO;
				SDKROOT = iphoneos;
				VALIDATE_PRODUCT = YES;
			};
			name = Release;
		};
		ED13378A20E48CB900DEA09E /* Debug */ = {
			isa = XCBuildConfiguration;
			baseConfigurationReference = 447BB953B6BEABB6D9F579ED /* Pods-Multithreading-Semaphore.debug.xcconfig */;
			buildSettings = {
				ASSETCATALOG_COMPILER_APPICON_NAME = AppIcon;
				CODE_SIGN_STYLE = Automatic;
				INFOPLIST_FILE = "Multithreading-Semaphore/Info.plist";
				LD_RUNPATH_SEARCH_PATHS = "$(inherited) @executable_path/Frameworks";
				PRODUCT_BUNDLE_IDENTIFIER = "com.ffur.Multithreading-Semaphore";
				PRODUCT_NAME = "$(TARGET_NAME)";
				TARGETED_DEVICE_FAMILY = "1,2";
			};
			name = Debug;
		};
		ED13378B20E48CB900DEA09E /* Release */ = {
			isa = XCBuildConfiguration;
			baseConfigurationReference = AE729127E5BCCCD7F723F3EE /* Pods-Multithreading-Semaphore.release.xcconfig */;
			buildSettings = {
				ASSETCATALOG_COMPILER_APPICON_NAME = AppIcon;
				CODE_SIGN_STYLE = Automatic;
				INFOPLIST_FILE = "Multithreading-Semaphore/Info.plist";
				LD_RUNPATH_SEARCH_PATHS = "$(inherited) @executable_path/Frameworks";
				PRODUCT_BUNDLE_IDENTIFIER = "com.ffur.Multithreading-Semaphore";
				PRODUCT_NAME = "$(TARGET_NAME)";
				TARGETED_DEVICE_FAMILY = "1,2";
			};
			name = Release;
		};
/* End XCBuildConfiguration section */

/* Begin XCConfigurationList section */
		ED13376E20E48CB800DEA09E /* Build configuration list for PBXProject "Multithreading-Semaphore" */ = {
			isa = XCConfigurationList;
			buildConfigurations = (
				ED13378720E48CB900DEA09E /* Debug */,
				ED13378820E48CB900DEA09E /* Release */,
			);
			defaultConfigurationIsVisible = 0;
			defaultConfigurationName = Release;
		};
		ED13378920E48CB900DEA09E /* Build configuration list for PBXNativeTarget "Multithreading-Semaphore" */ = {
			isa = XCConfigurationList;
			buildConfigurations = (
				ED13378A20E48CB900DEA09E /* Debug */,
				ED13378B20E48CB900DEA09E /* Release */,
			);
			defaultConfigurationIsVisible = 0;
			defaultConfigurationName = Release;
		};
/* End XCConfigurationList section */
	};
	rootObject = ED13376B20E48CB800DEA09E /* Project object */;
}
