// !$*UTF8*$!
{
	archiveVersion = 1;
	classes = {
	};
	objectVersion = 50;
	objects = {

/* Begin PBXBuildFile section */
		63B54AC57E9046594EFFC45D /* Pods_SwiftLearningDemo.framework in Frameworks */ = {isa = PBXBuildFile; fileRef = 75F75178DB88FB277E867A50 /* Pods_SwiftLearningDemo.framework */; };
		ED1CCA6A22438A9700DCAC07 /* AppDelegate.swift in Sources */ = {isa = PBXBuildFile; fileRef = ED1CCA6922438A9700DCAC07 /* AppDelegate.swift */; };
		ED1CCA6C22438A9700DCAC07 /* ViewController.swift in Sources */ = {isa = PBXBuildFile; fileRef = ED1CCA6B22438A9700DCAC07 /* ViewController.swift */; };
		ED1CCA6F22438A9700DCAC07 /* Main.storyboard in Resources */ = {isa = PBXBuildFile; fileRef = ED1CCA6D22438A9700DCAC07 /* Main.storyboard */; };
		ED1CCA7122438A9800DCAC07 /* Assets.xcassets in Resources */ = {isa = PBXBuildFile; fileRef = ED1CCA7022438A9800DCAC07 /* Assets.xcassets */; };
		ED1CCA7422438A9800DCAC07 /* LaunchScreen.storyboard in Resources */ = {isa = PBXBuildFile; fileRef = ED1CCA7222438A9800DCAC07 /* LaunchScreen.storyboard */; };
		ED2B669622ACBDEE00D03E79 /* RxPractice.swift in Sources */ = {isa = PBXBuildFile; fileRef = ED2B669522ACBDEE00D03E79 /* RxPractice.swift */; };
		ED2B669A22ACF85E00D03E79 /* RxPractice.xib in Resources */ = {isa = PBXBuildFile; fileRef = ED2B669922ACF85E00D03E79 /* RxPractice.xib */; };
/* End PBXBuildFile section */

/* Begin PBXFileReference section */
		0669D7E05F708D3DA6A59E30 /* Pods-SwiftLearningDemo.release.xcconfig */ = {isa = PBXFileReference; includeInIndex = 1; lastKnownFileType = text.xcconfig; name = "Pods-SwiftLearningDemo.release.xcconfig"; path = "Pods/Target Support Files/Pods-SwiftLearningDemo/Pods-SwiftLearningDemo.release.xcconfig"; sourceTree = "<group>"; };
		75F75178DB88FB277E867A50 /* Pods_SwiftLearningDemo.framework */ = {isa = PBXFileReference; explicitFileType = wrapper.framework; includeInIndex = 0; path = Pods_SwiftLearningDemo.framework; sourceTree = BUILT_PRODUCTS_DIR; };
		A72BFE690CA72F40B7547779 /* Pods-SwiftLearningDemo.debug.xcconfig */ = {isa = PBXFileReference; includeInIndex = 1; lastKnownFileType = text.xcconfig; name = "Pods-SwiftLearningDemo.debug.xcconfig"; path = "Pods/Target Support Files/Pods-SwiftLearningDemo/Pods-SwiftLearningDemo.debug.xcconfig"; sourceTree = "<group>"; };
		ED1CCA6622438A9700DCAC07 /* SwiftLearningDemo.app */ = {isa = PBXFileReference; explicitFileType = wrapper.application; includeInIndex = 0; path = SwiftLearningDemo.app; sourceTree = BUILT_PRODUCTS_DIR; };
		ED1CCA6922438A9700DCAC07 /* AppDelegate.swift */ = {isa = PBXFileReference; lastKnownFileType = sourcecode.swift; path = AppDelegate.swift; sourceTree = "<group>"; };
		ED1CCA6B22438A9700DCAC07 /* ViewController.swift */ = {isa = PBXFileReference; lastKnownFileType = sourcecode.swift; path = ViewController.swift; sourceTree = "<group>"; };
		ED1CCA6E22438A9700DCAC07 /* Base */ = {isa = PBXFileReference; lastKnownFileType = file.storyboard; name = Base; path = Base.lproj/Main.storyboard; sourceTree = "<group>"; };
		ED1CCA7022438A9800DCAC07 /* Assets.xcassets */ = {isa = PBXFileReference; lastKnownFileType = folder.assetcatalog; path = Assets.xcassets; sourceTree = "<group>"; };
		ED1CCA7322438A9800DCAC07 /* Base */ = {isa = PBXFileReference; lastKnownFileType = file.storyboard; name = Base; path = Base.lproj/LaunchScreen.storyboard; sourceTree = "<group>"; };
		ED1CCA7522438A9800DCAC07 /* Info.plist */ = {isa = PBXFileReference; lastKnownFileType = text.plist.xml; path = Info.plist; sourceTree = "<group>"; };
		ED2B669522ACBDEE00D03E79 /* RxPractice.swift */ = {isa = PBXFileReference; lastKnownFileType = sourcecode.swift; path = RxPractice.swift; sourceTree = "<group>"; };
		ED2B669922ACF85E00D03E79 /* RxPractice.xib */ = {isa = PBXFileReference; lastKnownFileType = file.xib; path = RxPractice.xib; sourceTree = "<group>"; };
/* End PBXFileReference section */

/* Begin PBXFrameworksBuildPhase section */
		ED1CCA6322438A9700DCAC07 /* Frameworks */ = {
			isa = PBXFrameworksBuildPhase;
			buildActionMask = 2147483647;
			files = (
				63B54AC57E9046594EFFC45D /* Pods_SwiftLearningDemo.framework in Frameworks */,
			);
			runOnlyForDeploymentPostprocessing = 0;
		};
/* End PBXFrameworksBuildPhase section */

/* Begin PBXGroup section */
		2CCA12D926F32EC380D1332C /* Pods */ = {
			isa = PBXGroup;
			children = (
				A72BFE690CA72F40B7547779 /* Pods-SwiftLearningDemo.debug.xcconfig */,
				0669D7E05F708D3DA6A59E30 /* Pods-SwiftLearningDemo.release.xcconfig */,
			);
			name = Pods;
			sourceTree = "<group>";
		};
		830B9CC5D206A4EE07EC2706 /* Frameworks */ = {
			isa = PBXGroup;
			children = (
				75F75178DB88FB277E867A50 /* Pods_SwiftLearningDemo.framework */,
			);
			name = Frameworks;
			sourceTree = "<group>";
		};
		ED1CCA5D22438A9700DCAC07 = {
			isa = PBXGroup;
			children = (
				ED1CCA6822438A9700DCAC07 /* SwiftLearningDemo */,
				ED1CCA6722438A9700DCAC07 /* Products */,
				2CCA12D926F32EC380D1332C /* Pods */,
				830B9CC5D206A4EE07EC2706 /* Frameworks */,
			);
			sourceTree = "<group>";
		};
		ED1CCA6722438A9700DCAC07 /* Products */ = {
			isa = PBXGroup;
			children = (
				ED1CCA6622438A9700DCAC07 /* SwiftLearningDemo.app */,
			);
			name = Products;
			sourceTree = "<group>";
		};
		ED1CCA6822438A9700DCAC07 /* SwiftLearningDemo */ = {
			isa = PBXGroup;
			children = (
				ED1CCA6922438A9700DCAC07 /* AppDelegate.swift */,
				ED1CCA6B22438A9700DCAC07 /* ViewController.swift */,
				ED2B669522ACBDEE00D03E79 /* RxPractice.swift */,
				ED2B669922ACF85E00D03E79 /* RxPractice.xib */,
				ED1CCA6D22438A9700DCAC07 /* Main.storyboard */,
				ED1CCA7022438A9800DCAC07 /* Assets.xcassets */,
				ED1CCA7222438A9800DCAC07 /* LaunchScreen.storyboard */,
				ED1CCA7522438A9800DCAC07 /* Info.plist */,
			);
			path = SwiftLearningDemo;
			sourceTree = "<group>";
		};
/* End PBXGroup section */

/* Begin PBXNativeTarget section */
		ED1CCA6522438A9700DCAC07 /* SwiftLearningDemo */ = {
			isa = PBXNativeTarget;
			buildConfigurationList = ED1CCA7822438A9800DCAC07 /* Build configuration list for PBXNativeTarget "SwiftLearningDemo" */;
			buildPhases = (
				6698BCCD266B38826AA23FA6 /* [CP] Check Pods Manifest.lock */,
				ED1CCA6222438A9700DCAC07 /* Sources */,
				ED1CCA6322438A9700DCAC07 /* Frameworks */,
				ED1CCA6422438A9700DCAC07 /* Resources */,
				01DFF413BD5552428ACBC70D /* [CP] Embed Pods Frameworks */,
			);
			buildRules = (
			);
			dependencies = (
			);
			name = SwiftLearningDemo;
			productName = SwiftLearningDemo;
			productReference = ED1CCA6622438A9700DCAC07 /* SwiftLearningDemo.app */;
			productType = "com.apple.product-type.application";
		};
/* End PBXNativeTarget section */

/* Begin PBXProject section */
		ED1CCA5E22438A9700DCAC07 /* Project object */ = {
			isa = PBXProject;
			attributes = {
				LastSwiftUpdateCheck = 1010;
				LastUpgradeCheck = 1010;
				ORGANIZATIONNAME = MichaelMao;
				TargetAttributes = {
					ED1CCA6522438A9700DCAC07 = {
						CreatedOnToolsVersion = 10.1;
					};
				};
			};
			buildConfigurationList = ED1CCA6122438A9700DCAC07 /* Build configuration list for PBXProject "SwiftLearningDemo" */;
			compatibilityVersion = "Xcode 9.3";
			developmentRegion = en;
			hasScannedForEncodings = 0;
			knownRegions = (
				en,
				Base,
			);
			mainGroup = ED1CCA5D22438A9700DCAC07;
			productRefGroup = ED1CCA6722438A9700DCAC07 /* Products */;
			projectDirPath = "";
			projectRoot = "";
			targets = (
				ED1CCA6522438A9700DCAC07 /* SwiftLearningDemo */,
			);
		};
/* End PBXProject section */

/* Begin PBXResourcesBuildPhase section */
		ED1CCA6422438A9700DCAC07 /* Resources */ = {
			isa = PBXResourcesBuildPhase;
			buildActionMask = 2147483647;
			files = (
				ED2B669A22ACF85E00D03E79 /* RxPractice.xib in Resources */,
				ED1CCA7422438A9800DCAC07 /* LaunchScreen.storyboard in Resources */,
				ED1CCA7122438A9800DCAC07 /* Assets.xcassets in Resources */,
				ED1CCA6F22438A9700DCAC07 /* Main.storyboard in Resources */,
			);
			runOnlyForDeploymentPostprocessing = 0;
		};
/* End PBXResourcesBuildPhase section */

/* Begin PBXShellScriptBuildPhase section */
		01DFF413BD5552428ACBC70D /* [CP] Embed Pods Frameworks */ = {
			isa = PBXShellScriptBuildPhase;
			buildActionMask = 2147483647;
			files = (
			);
			inputFileListPaths = (
			);
			inputPaths = (
				"${SRCROOT}/Pods/Target Support Files/Pods-SwiftLearningDemo/Pods-SwiftLearningDemo-frameworks.sh",
				"${BUILT_PRODUCTS_DIR}/Alamofire/Alamofire.framework",
				"${BUILT_PRODUCTS_DIR}/Kingfisher/Kingfisher.framework",
				"${BUILT_PRODUCTS_DIR}/RxCocoa/RxCocoa.framework",
				"${BUILT_PRODUCTS_DIR}/RxSwift/RxSwift.framework",
				"${BUILT_PRODUCTS_DIR}/Swinject/Swinject.framework",
				"${BUILT_PRODUCTS_DIR}/pop/pop.framework",
			);
			name = "[CP] Embed Pods Frameworks";
			outputFileListPaths = (
			);
			outputPaths = (
				"${TARGET_BUILD_DIR}/${FRAMEWORKS_FOLDER_PATH}/Alamofire.framework",
				"${TARGET_BUILD_DIR}/${FRAMEWORKS_FOLDER_PATH}/Kingfisher.framework",
				"${TARGET_BUILD_DIR}/${FRAMEWORKS_FOLDER_PATH}/RxCocoa.framework",
				"${TARGET_BUILD_DIR}/${FRAMEWORKS_FOLDER_PATH}/RxSwift.framework",
				"${TARGET_BUILD_DIR}/${FRAMEWORKS_FOLDER_PATH}/Swinject.framework",
				"${TARGET_BUILD_DIR}/${FRAMEWORKS_FOLDER_PATH}/pop.framework",
			);
			runOnlyForDeploymentPostprocessing = 0;
			shellPath = /bin/sh;
			shellScript = "\"${SRCROOT}/Pods/Target Support Files/Pods-SwiftLearningDemo/Pods-SwiftLearningDemo-frameworks.sh\"\n";
			showEnvVarsInLog = 0;
		};
		6698BCCD266B38826AA23FA6 /* [CP] Check Pods Manifest.lock */ = {
			isa = PBXShellScriptBuildPhase;
			buildActionMask = 2147483647;
			files = (
			);
			inputFileListPaths = (
			);
			inputPaths = (
				"${PODS_PODFILE_DIR_PATH}/Podfile.lock",
				"${PODS_ROOT}/Manifest.lock",
			);
			name = "[CP] Check Pods Manifest.lock";
			outputFileListPaths = (
			);
			outputPaths = (
				"$(DERIVED_FILE_DIR)/Pods-SwiftLearningDemo-checkManifestLockResult.txt",
			);
			runOnlyForDeploymentPostprocessing = 0;
			shellPath = /bin/sh;
			shellScript = "diff \"${PODS_PODFILE_DIR_PATH}/Podfile.lock\" \"${PODS_ROOT}/Manifest.lock\" > /dev/null\nif [ $? != 0 ] ; then\n    # print error to STDERR\n    echo \"error: The sandbox is not in sync with the Podfile.lock. Run 'pod install' or update your CocoaPods installation.\" >&2\n    exit 1\nfi\n# This output is used by Xcode 'outputs' to avoid re-running this script phase.\necho \"SUCCESS\" > \"${SCRIPT_OUTPUT_FILE_0}\"\n";
			showEnvVarsInLog = 0;
		};
/* End PBXShellScriptBuildPhase section */

/* Begin PBXSourcesBuildPhase section */
		ED1CCA6222438A9700DCAC07 /* Sources */ = {
			isa = PBXSourcesBuildPhase;
			buildActionMask = 2147483647;
			files = (
				ED2B669622ACBDEE00D03E79 /* RxPractice.swift in Sources */,
				ED1CCA6C22438A9700DCAC07 /* ViewController.swift in Sources */,
				ED1CCA6A22438A9700DCAC07 /* AppDelegate.swift in Sources */,
			);
			runOnlyForDeploymentPostprocessing = 0;
		};
/* End PBXSourcesBuildPhase section */

/* Begin PBXVariantGroup section */
		ED1CCA6D22438A9700DCAC07 /* Main.storyboard */ = {
			isa = PBXVariantGroup;
			children = (
				ED1CCA6E22438A9700DCAC07 /* Base */,
			);
			name = Main.storyboard;
			sourceTree = "<group>";
		};
		ED1CCA7222438A9800DCAC07 /* LaunchScreen.storyboard */ = {
			isa = PBXVariantGroup;
			children = (
				ED1CCA7322438A9800DCAC07 /* Base */,
			);
			name = LaunchScreen.storyboard;
			sourceTree = "<group>";
		};
/* End PBXVariantGroup section */

/* Begin XCBuildConfiguration section */
		ED1CCA7622438A9800DCAC07 /* Debug */ = {
			isa = XCBuildConfiguration;
			buildSettings = {
				ALWAYS_SEARCH_USER_PATHS = NO;
				CLANG_ANALYZER_NONNULL = YES;
				CLANG_ANALYZER_NUMBER_OBJECT_CONVERSION = YES_AGGRESSIVE;
				CLANG_CXX_LANGUAGE_STANDARD = "gnu++14";
				CLANG_CXX_LIBRARY = "libc++";
				CLANG_ENABLE_MODULES = YES;
				CLANG_ENABLE_OBJC_ARC = YES;
				CLANG_ENABLE_OBJC_WEAK = YES;
				CLANG_WARN_BLOCK_CAPTURE_AUTORELEASING = YES;
				CLANG_WARN_BOOL_CONVERSION = YES;
				CLANG_WARN_COMMA = YES;
				CLANG_WARN_CONSTANT_CONVERSION = YES;
				CLANG_WARN_DEPRECATED_OBJC_IMPLEMENTATIONS = YES;
				CLANG_WARN_DIRECT_OBJC_ISA_USAGE = YES_ERROR;
				CLANG_WARN_DOCUMENTATION_COMMENTS = YES;
				CLANG_WARN_EMPTY_BODY = YES;
				CLANG_WARN_ENUM_CONVERSION = YES;
				CLANG_WARN_INFINITE_RECURSION = YES;
				CLANG_WARN_INT_CONVERSION = YES;
				CLANG_WARN_NON_LITERAL_NULL_CONVERSION = YES;
				CLANG_WARN_OBJC_IMPLICIT_RETAIN_SELF = YES;
				CLANG_WARN_OBJC_LITERAL_CONVERSION = YES;
				CLANG_WARN_OBJC_ROOT_CLASS = YES_ERROR;
				CLANG_WARN_RANGE_LOOP_ANALYSIS = YES;
				CLANG_WARN_STRICT_PROTOTYPES = YES;
				CLANG_WARN_SUSPICIOUS_MOVE = YES;
				CLANG_WARN_UNGUARDED_AVAILABILITY = YES_AGGRESSIVE;
				CLANG_WARN_UNREACHABLE_CODE = YES;
				CLANG_WARN__DUPLICATE_METHOD_MATCH = YES;
				CODE_SIGN_IDENTITY = "iPhone Developer";
				COPY_PHASE_STRIP = NO;
				DEBUG_INFORMATION_FORMAT = dwarf;
				ENABLE_STRICT_OBJC_MSGSEND = YES;
				ENABLE_TESTABILITY = YES;
				GCC_C_LANGUAGE_STANDARD = gnu11;
				GCC_DYNAMIC_NO_PIC = NO;
				GCC_NO_COMMON_BLOCKS = YES;
				GCC_OPTIMIZATION_LEVEL = 0;
				GCC_PREPROCESSOR_DEFINITIONS = (
					"DEBUG=1",
					"$(inherited)",
				);
				GCC_WARN_64_TO_32_BIT_CONVERSION = YES;
				GCC_WARN_ABOUT_RETURN_TYPE = YES_ERROR;
				GCC_WARN_UNDECLARED_SELECTOR = YES;
				GCC_WARN_UNINITIALIZED_AUTOS = YES_AGGRESSIVE;
				GCC_WARN_UNUSED_FUNCTION = YES;
				GCC_WARN_UNUSED_VARIABLE = YES;
				IPHONEOS_DEPLOYMENT_TARGET = 12.1;
				MTL_ENABLE_DEBUG_INFO = INCLUDE_SOURCE;
				MTL_FAST_MATH = YES;
				ONLY_ACTIVE_ARCH = YES;
				SDKROOT = iphoneos;
				SWIFT_ACTIVE_COMPILATION_CONDITIONS = DEBUG;
				SWIFT_OPTIMIZATION_LEVEL = "-Onone";
			};
			name = Debug;
		};
		ED1CCA7722438A9800DCAC07 /* Release */ = {
			isa = XCBuildConfiguration;
			buildSettings = {
				ALWAYS_SEARCH_USER_PATHS = NO;
				CLANG_ANALYZER_NONNULL = YES;
				CLANG_ANALYZER_NUMBER_OBJECT_CONVERSION = YES_AGGRESSIVE;
				CLANG_CXX_LANGUAGE_STANDARD = "gnu++14";
				CLANG_CXX_LIBRARY = "libc++";
				CLANG_ENABLE_MODULES = YES;
				CLANG_ENABLE_OBJC_ARC = YES;
				CLANG_ENABLE_OBJC_WEAK = YES;
				CLANG_WARN_BLOCK_CAPTURE_AUTORELEASING = YES;
				CLANG_WARN_BOOL_CONVERSION = YES;
				CLANG_WARN_COMMA = YES;
				CLANG_WARN_CONSTANT_CONVERSION = YES;
				CLANG_WARN_DEPRECATED_OBJC_IMPLEMENTATIONS = YES;
				CLANG_WARN_DIRECT_OBJC_ISA_USAGE = YES_ERROR;
				CLANG_WARN_DOCUMENTATION_COMMENTS = YES;
				CLANG_WARN_EMPTY_BODY = YES;
				CLANG_WARN_ENUM_CONVERSION = YES;
				CLANG_WARN_INFINITE_RECURSION = YES;
				CLANG_WARN_INT_CONVERSION = YES;
				CLANG_WARN_NON_LITERAL_NULL_CONVERSION = YES;
				CLANG_WARN_OBJC_IMPLICIT_RETAIN_SELF = YES;
				CLANG_WARN_OBJC_LITERAL_CONVERSION = YES;
				CLANG_WARN_OBJC_ROOT_CLASS = YES_ERROR;
				CLANG_WARN_RANGE_LOOP_ANALYSIS = YES;
				CLANG_WARN_STRICT_PROTOTYPES = YES;
				CLANG_WARN_SUSPICIOUS_MOVE = YES;
				CLANG_WARN_UNGUARDED_AVAILABILITY = YES_AGGRESSIVE;
				CLANG_WARN_UNREACHABLE_CODE = YES;
				CLANG_WARN__DUPLICATE_METHOD_MATCH = YES;
				CODE_SIGN_IDENTITY = "iPhone Developer";
				COPY_PHASE_STRIP = NO;
				DEBUG_INFORMATION_FORMAT = "dwarf-with-dsym";
				ENABLE_NS_ASSERTIONS = NO;
				ENABLE_STRICT_OBJC_MSGSEND = YES;
				GCC_C_LANGUAGE_STANDARD = gnu11;
				GCC_NO_COMMON_BLOCKS = YES;
				GCC_WARN_64_TO_32_BIT_CONVERSION = YES;
				GCC_WARN_ABOUT_RETURN_TYPE = YES_ERROR;
				GCC_WARN_UNDECLARED_SELECTOR = YES;
				GCC_WARN_UNINITIALIZED_AUTOS = YES_AGGRESSIVE;
				GCC_WARN_UNUSED_FUNCTION = YES;
				GCC_WARN_UNUSED_VARIABLE = YES;
				IPHONEOS_DEPLOYMENT_TARGET = 12.1;
				MTL_ENABLE_DEBUG_INFO = NO;
				MTL_FAST_MATH = YES;
				SDKROOT = iphoneos;
				SWIFT_COMPILATION_MODE = wholemodule;
				SWIFT_OPTIMIZATION_LEVEL = "-O";
				VALIDATE_PRODUCT = YES;
			};
			name = Release;
		};
		ED1CCA7922438A9800DCAC07 /* Debug */ = {
			isa = XCBuildConfiguration;
			baseConfigurationReference = A72BFE690CA72F40B7547779 /* Pods-SwiftLearningDemo.debug.xcconfig */;
			buildSettings = {
				ASSETCATALOG_COMPILER_APPICON_NAME = AppIcon;
				CODE_SIGN_STYLE = Automatic;
				INFOPLIST_FILE = SwiftLearningDemo/Info.plist;
				LD_RUNPATH_SEARCH_PATHS = (
					"$(inherited)",
					"@executable_path/Frameworks",
				);
				PRODUCT_BUNDLE_IDENTIFIER = michael.SwiftLearningDemo;
				PRODUCT_NAME = "$(TARGET_NAME)";
				SWIFT_VERSION = 4.2;
				TARGETED_DEVICE_FAMILY = "1,2";
			};
			name = Debug;
		};
		ED1CCA7A22438A9800DCAC07 /* Release */ = {
			isa = XCBuildConfiguration;
			baseConfigurationReference = 0669D7E05F708D3DA6A59E30 /* Pods-SwiftLearningDemo.release.xcconfig */;
			buildSettings = {
				ASSETCATALOG_COMPILER_APPICON_NAME = AppIcon;
				CODE_SIGN_STYLE = Automatic;
				INFOPLIST_FILE = SwiftLearningDemo/Info.plist;
				LD_RUNPATH_SEARCH_PATHS = (
					"$(inherited)",
					"@executable_path/Frameworks",
				);
				PRODUCT_BUNDLE_IDENTIFIER = michael.SwiftLearningDemo;
				PRODUCT_NAME = "$(TARGET_NAME)";
				SWIFT_VERSION = 4.2;
				TARGETED_DEVICE_FAMILY = "1,2";
			};
			name = Release;
		};
/* End XCBuildConfiguration section */

/* Begin XCConfigurationList section */
		ED1CCA6122438A9700DCAC07 /* Build configuration list for PBXProject "SwiftLearningDemo" */ = {
			isa = XCConfigurationList;
			buildConfigurations = (
				ED1CCA7622438A9800DCAC07 /* Debug */,
				ED1CCA7722438A9800DCAC07 /* Release */,
			);
			defaultConfigurationIsVisible = 0;
			defaultConfigurationName = Release;
		};
		ED1CCA7822438A9800DCAC07 /* Build configuration list for PBXNativeTarget "SwiftLearningDemo" */ = {
			isa = XCConfigurationList;
			buildConfigurations = (
				ED1CCA7922438A9800DCAC07 /* Debug */,
				ED1CCA7A22438A9800DCAC07 /* Release */,
			);
			defaultConfigurationIsVisible = 0;
			defaultConfigurationName = Release;
		};
/* End XCConfigurationList section */
	};
	rootObject = ED1CCA5E22438A9700DCAC07 /* Project object */;
}
