// !$*UTF8*$!
{
	archiveVersion = 1;
	classes = {
	};
	objectVersion = 50;
	objects = {

/* Begin PBXBuildFile section */
		EDAEE9B9213E972200E97DF6 /* AppDelegate.m in Sources */ = {isa = PBXBuildFile; fileRef = EDAEE9B8213E972200E97DF6 /* AppDelegate.m */; };
		EDAEE9BC213E972200E97DF6 /* ViewController.m in Sources */ = {isa = PBXBuildFile; fileRef = EDAEE9BB213E972200E97DF6 /* ViewController.m */; };
		EDAEE9BF213E972200E97DF6 /* Main.storyboard in Resources */ = {isa = PBXBuildFile; fileRef = EDAEE9BD213E972200E97DF6 /* Main.storyboard */; };
		EDAEE9C1213E972300E97DF6 /* Assets.xcassets in Resources */ = {isa = PBXBuildFile; fileRef = EDAEE9C0213E972300E97DF6 /* Assets.xcassets */; };
		EDAEE9C4213E972300E97DF6 /* LaunchScreen.storyboard in Resources */ = {isa = PBXBuildFile; fileRef = EDAEE9C2213E972300E97DF6 /* LaunchScreen.storyboard */; };
		EDAEE9C7213E972300E97DF6 /* main.m in Sources */ = {isa = PBXBuildFile; fileRef = EDAEE9C6213E972300E97DF6 /* main.m */; };
		EDAEE9CF213E978B00E97DF6 /* Person.m in Sources */ = {isa = PBXBuildFile; fileRef = EDAEE9CE213E978B00E97DF6 /* Person.m */; };
		EDAEE9D2213EA5F100E97DF6 /* Person+appendName.m in Sources */ = {isa = PBXBuildFile; fileRef = EDAEE9D1213EA5F100E97DF6 /* Person+appendName.m */; };
/* End PBXBuildFile section */

/* Begin PBXFileReference section */
		EDAEE9B4213E972200E97DF6 /* RuntimeDemo.app */ = {isa = PBXFileReference; explicitFileType = wrapper.application; includeInIndex = 0; path = RuntimeDemo.app; sourceTree = BUILT_PRODUCTS_DIR; };
		EDAEE9B7213E972200E97DF6 /* AppDelegate.h */ = {isa = PBXFileReference; lastKnownFileType = sourcecode.c.h; path = AppDelegate.h; sourceTree = "<group>"; };
		EDAEE9B8213E972200E97DF6 /* AppDelegate.m */ = {isa = PBXFileReference; lastKnownFileType = sourcecode.c.objc; path = AppDelegate.m; sourceTree = "<group>"; };
		EDAEE9BA213E972200E97DF6 /* ViewController.h */ = {isa = PBXFileReference; lastKnownFileType = sourcecode.c.h; path = ViewController.h; sourceTree = "<group>"; };
		EDAEE9BB213E972200E97DF6 /* ViewController.m */ = {isa = PBXFileReference; lastKnownFileType = sourcecode.c.objc; path = ViewController.m; sourceTree = "<group>"; };
		EDAEE9BE213E972200E97DF6 /* Base */ = {isa = PBXFileReference; lastKnownFileType = file.storyboard; name = Base; path = Base.lproj/Main.storyboard; sourceTree = "<group>"; };
		EDAEE9C0213E972300E97DF6 /* Assets.xcassets */ = {isa = PBXFileReference; lastKnownFileType = folder.assetcatalog; path = Assets.xcassets; sourceTree = "<group>"; };
		EDAEE9C3213E972300E97DF6 /* Base */ = {isa = PBXFileReference; lastKnownFileType = file.storyboard; name = Base; path = Base.lproj/LaunchScreen.storyboard; sourceTree = "<group>"; };
		EDAEE9C5213E972300E97DF6 /* Info.plist */ = {isa = PBXFileReference; lastKnownFileType = text.plist.xml; path = Info.plist; sourceTree = "<group>"; };
		EDAEE9C6213E972300E97DF6 /* main.m */ = {isa = PBXFileReference; lastKnownFileType = sourcecode.c.objc; path = main.m; sourceTree = "<group>"; };
		EDAEE9CD213E978B00E97DF6 /* Person.h */ = {isa = PBXFileReference; lastKnownFileType = sourcecode.c.h; path = Person.h; sourceTree = "<group>"; };
		EDAEE9CE213E978B00E97DF6 /* Person.m */ = {isa = PBXFileReference; lastKnownFileType = sourcecode.c.objc; path = Person.m; sourceTree = "<group>"; };
		EDAEE9D0213EA5F100E97DF6 /* Person+appendName.h */ = {isa = PBXFileReference; lastKnownFileType = sourcecode.c.h; path = "Person+appendName.h"; sourceTree = "<group>"; };
		EDAEE9D1213EA5F100E97DF6 /* Person+appendName.m */ = {isa = PBXFileReference; lastKnownFileType = sourcecode.c.objc; path = "Person+appendName.m"; sourceTree = "<group>"; };
/* End PBXFileReference section */

/* Begin PBXFrameworksBuildPhase section */
		EDAEE9B1213E972200E97DF6 /* Frameworks */ = {
			isa = PBXFrameworksBuildPhase;
			buildActionMask = 2147483647;
			files = (
			);
			runOnlyForDeploymentPostprocessing = 0;
		};
/* End PBXFrameworksBuildPhase section */

/* Begin PBXGroup section */
		EDAEE9AB213E972200E97DF6 = {
			isa = PBXGroup;
			children = (
				EDAEE9B6213E972200E97DF6 /* RuntimeDemo */,
				EDAEE9B5213E972200E97DF6 /* Products */,
			);
			sourceTree = "<group>";
		};
		EDAEE9B5213E972200E97DF6 /* Products */ = {
			isa = PBXGroup;
			children = (
				EDAEE9B4213E972200E97DF6 /* RuntimeDemo.app */,
			);
			name = Products;
			sourceTree = "<group>";
		};
		EDAEE9B6213E972200E97DF6 /* RuntimeDemo */ = {
			isa = PBXGroup;
			children = (
				EDAEE9B7213E972200E97DF6 /* AppDelegate.h */,
				EDAEE9B8213E972200E97DF6 /* AppDelegate.m */,
				EDAEE9BA213E972200E97DF6 /* ViewController.h */,
				EDAEE9BB213E972200E97DF6 /* ViewController.m */,
				EDAEE9CD213E978B00E97DF6 /* Person.h */,
				EDAEE9CE213E978B00E97DF6 /* Person.m */,
				EDAEE9D0213EA5F100E97DF6 /* Person+appendName.h */,
				EDAEE9D1213EA5F100E97DF6 /* Person+appendName.m */,
				EDAEE9BD213E972200E97DF6 /* Main.storyboard */,
				EDAEE9C0213E972300E97DF6 /* Assets.xcassets */,
				EDAEE9C2213E972300E97DF6 /* LaunchScreen.storyboard */,
				EDAEE9C5213E972300E97DF6 /* Info.plist */,
				EDAEE9C6213E972300E97DF6 /* main.m */,
			);
			path = RuntimeDemo;
			sourceTree = "<group>";
		};
/* End PBXGroup section */

/* Begin PBXNativeTarget section */
		EDAEE9B3213E972200E97DF6 /* RuntimeDemo */ = {
			isa = PBXNativeTarget;
			buildConfigurationList = EDAEE9CA213E972300E97DF6 /* Build configuration list for PBXNativeTarget "RuntimeDemo" */;
			buildPhases = (
				EDAEE9B0213E972200E97DF6 /* Sources */,
				EDAEE9B1213E972200E97DF6 /* Frameworks */,
				EDAEE9B2213E972200E97DF6 /* Resources */,
			);
			buildRules = (
			);
			dependencies = (
			);
			name = RuntimeDemo;
			productName = RuntimeDemo;
			productReference = EDAEE9B4213E972200E97DF6 /* RuntimeDemo.app */;
			productType = "com.apple.product-type.application";
		};
/* End PBXNativeTarget section */

/* Begin PBXProject section */
		EDAEE9AC213E972200E97DF6 /* Project object */ = {
			isa = PBXProject;
			attributes = {
				LastUpgradeCheck = 0940;
				ORGANIZATIONNAME = MichaelMao;
				TargetAttributes = {
					EDAEE9B3213E972200E97DF6 = {
						CreatedOnToolsVersion = 9.4.1;
					};
				};
			};
			buildConfigurationList = EDAEE9AF213E972200E97DF6 /* Build configuration list for PBXProject "RuntimeDemo" */;
			compatibilityVersion = "Xcode 9.3";
			developmentRegion = en;
			hasScannedForEncodings = 0;
			knownRegions = (
				en,
				Base,
			);
			mainGroup = EDAEE9AB213E972200E97DF6;
			productRefGroup = EDAEE9B5213E972200E97DF6 /* Products */;
			projectDirPath = "";
			projectRoot = "";
			targets = (
				EDAEE9B3213E972200E97DF6 /* RuntimeDemo */,
			);
		};
/* End PBXProject section */

/* Begin PBXResourcesBuildPhase section */
		EDAEE9B2213E972200E97DF6 /* Resources */ = {
			isa = PBXResourcesBuildPhase;
			buildActionMask = 2147483647;
			files = (
				EDAEE9C4213E972300E97DF6 /* LaunchScreen.storyboard in Resources */,
				EDAEE9C1213E972300E97DF6 /* Assets.xcassets in Resources */,
				EDAEE9BF213E972200E97DF6 /* Main.storyboard in Resources */,
			);
			runOnlyForDeploymentPostprocessing = 0;
		};
/* End PBXResourcesBuildPhase section */

/* Begin PBXSourcesBuildPhase section */
		EDAEE9B0213E972200E97DF6 /* Sources */ = {
			isa = PBXSourcesBuildPhase;
			buildActionMask = 2147483647;
			files = (
				EDAEE9BC213E972200E97DF6 /* ViewController.m in Sources */,
				EDAEE9D2213EA5F100E97DF6 /* Person+appendName.m in Sources */,
				EDAEE9C7213E972300E97DF6 /* main.m in Sources */,
				EDAEE9CF213E978B00E97DF6 /* Person.m in Sources */,
				EDAEE9B9213E972200E97DF6 /* AppDelegate.m in Sources */,
			);
			runOnlyForDeploymentPostprocessing = 0;
		};
/* End PBXSourcesBuildPhase section */

/* Begin PBXVariantGroup section */
		EDAEE9BD213E972200E97DF6 /* Main.storyboard */ = {
			isa = PBXVariantGroup;
			children = (
				EDAEE9BE213E972200E97DF6 /* Base */,
			);
			name = Main.storyboard;
			sourceTree = "<group>";
		};
		EDAEE9C2213E972300E97DF6 /* LaunchScreen.storyboard */ = {
			isa = PBXVariantGroup;
			children = (
				EDAEE9C3213E972300E97DF6 /* Base */,
			);
			name = LaunchScreen.storyboard;
			sourceTree = "<group>";
		};
/* End PBXVariantGroup section */

/* Begin XCBuildConfiguration section */
		EDAEE9C8213E972300E97DF6 /* Debug */ = {
			isa = XCBuildConfiguration;
			buildSettings = {
				ALWAYS_SEARCH_USER_PATHS = NO;
				CLANG_ANALYZER_NONNULL = YES;
				CLANG_ANALYZER_NUMBER_OBJECT_CONVERSION = YES_AGGRESSIVE;
				CLANG_CXX_LANGUAGE_STANDARD = "gnu++14";
				CLANG_CXX_LIBRARY = "libc++";
				CLANG_ENABLE_MODULES = YES;
				CLANG_ENABLE_OBJC_ARC = YES;
				CLANG_ENABLE_OBJC_WEAK = YES;
				CLANG_WARN_BLOCK_CAPTURE_AUTORELEASING = YES;
				CLANG_WARN_BOOL_CONVERSION = YES;
				CLANG_WARN_COMMA = YES;
				CLANG_WARN_CONSTANT_CONVERSION = YES;
				CLANG_WARN_DEPRECATED_OBJC_IMPLEMENTATIONS = YES;
				CLANG_WARN_DIRECT_OBJC_ISA_USAGE = YES_ERROR;
				CLANG_WARN_DOCUMENTATION_COMMENTS = YES;
				CLANG_WARN_EMPTY_BODY = YES;
				CLANG_WARN_ENUM_CONVERSION = YES;
				CLANG_WARN_INFINITE_RECURSION = YES;
				CLANG_WARN_INT_CONVERSION = YES;
				CLANG_WARN_NON_LITERAL_NULL_CONVERSION = YES;
				CLANG_WARN_OBJC_IMPLICIT_RETAIN_SELF = YES;
				CLANG_WARN_OBJC_LITERAL_CONVERSION = YES;
				CLANG_WARN_OBJC_ROOT_CLASS = YES_ERROR;
				CLANG_WARN_RANGE_LOOP_ANALYSIS = YES;
				CLANG_WARN_STRICT_PROTOTYPES = YES;
				CLANG_WARN_SUSPICIOUS_MOVE = YES;
				CLANG_WARN_UNGUARDED_AVAILABILITY = YES_AGGRESSIVE;
				CLANG_WARN_UNREACHABLE_CODE = YES;
				CLANG_WARN__DUPLICATE_METHOD_MATCH = YES;
				CODE_SIGN_IDENTITY = "iPhone Developer";
				COPY_PHASE_STRIP = NO;
				DEBUG_INFORMATION_FORMAT = dwarf;
				ENABLE_STRICT_OBJC_MSGSEND = YES;
				ENABLE_TESTABILITY = YES;
				GCC_C_LANGUAGE_STANDARD = gnu11;
				GCC_DYNAMIC_NO_PIC = NO;
				GCC_NO_COMMON_BLOCKS = YES;
				GCC_OPTIMIZATION_LEVEL = 0;
				GCC_PREPROCESSOR_DEFINITIONS = (
					"DEBUG=1",
					"$(inherited)",
				);
				GCC_WARN_64_TO_32_BIT_CONVERSION = YES;
				GCC_WARN_ABOUT_RETURN_TYPE = YES_ERROR;
				GCC_WARN_UNDECLARED_SELECTOR = YES;
				GCC_WARN_UNINITIALIZED_AUTOS = YES_AGGRESSIVE;
				GCC_WARN_UNUSED_FUNCTION = YES;
				GCC_WARN_UNUSED_VARIABLE = YES;
				IPHONEOS_DEPLOYMENT_TARGET = 11.4;
				MTL_ENABLE_DEBUG_INFO = YES;
				ONLY_ACTIVE_ARCH = YES;
				SDKROOT = iphoneos;
			};
			name = Debug;
		};
		EDAEE9C9213E972300E97DF6 /* Release */ = {
			isa = XCBuildConfiguration;
			buildSettings = {
				ALWAYS_SEARCH_USER_PATHS = NO;
				CLANG_ANALYZER_NONNULL = YES;
				CLANG_ANALYZER_NUMBER_OBJECT_CONVERSION = YES_AGGRESSIVE;
				CLANG_CXX_LANGUAGE_STANDARD = "gnu++14";
				CLANG_CXX_LIBRARY = "libc++";
				CLANG_ENABLE_MODULES = YES;
				CLANG_ENABLE_OBJC_ARC = YES;
				CLANG_ENABLE_OBJC_WEAK = YES;
				CLANG_WARN_BLOCK_CAPTURE_AUTORELEASING = YES;
				CLANG_WARN_BOOL_CONVERSION = YES;
				CLANG_WARN_COMMA = YES;
				CLANG_WARN_CONSTANT_CONVERSION = YES;
				CLANG_WARN_DEPRECATED_OBJC_IMPLEMENTATIONS = YES;
				CLANG_WARN_DIRECT_OBJC_ISA_USAGE = YES_ERROR;
				CLANG_WARN_DOCUMENTATION_COMMENTS = YES;
				CLANG_WARN_EMPTY_BODY = YES;
				CLANG_WARN_ENUM_CONVERSION = YES;
				CLANG_WARN_INFINITE_RECURSION = YES;
				CLANG_WARN_INT_CONVERSION = YES;
				CLANG_WARN_NON_LITERAL_NULL_CONVERSION = YES;
				CLANG_WARN_OBJC_IMPLICIT_RETAIN_SELF = YES;
				CLANG_WARN_OBJC_LITERAL_CONVERSION = YES;
				CLANG_WARN_OBJC_ROOT_CLASS = YES_ERROR;
				CLANG_WARN_RANGE_LOOP_ANALYSIS = YES;
				CLANG_WARN_STRICT_PROTOTYPES = YES;
				CLANG_WARN_SUSPICIOUS_MOVE = YES;
				CLANG_WARN_UNGUARDED_AVAILABILITY = YES_AGGRESSIVE;
				CLANG_WARN_UNREACHABLE_CODE = YES;
				CLANG_WARN__DUPLICATE_METHOD_MATCH = YES;
				CODE_SIGN_IDENTITY = "iPhone Developer";
				COPY_PHASE_STRIP = NO;
				DEBUG_INFORMATION_FORMAT = "dwarf-with-dsym";
				ENABLE_NS_ASSERTIONS = NO;
				ENABLE_STRICT_OBJC_MSGSEND = YES;
				GCC_C_LANGUAGE_STANDARD = gnu11;
				GCC_NO_COMMON_BLOCKS = YES;
				GCC_WARN_64_TO_32_BIT_CONVERSION = YES;
				GCC_WARN_ABOUT_RETURN_TYPE = YES_ERROR;
				GCC_WARN_UNDECLARED_SELECTOR = YES;
				GCC_WARN_UNINITIALIZED_AUTOS = YES_AGGRESSIVE;
				GCC_WARN_UNUSED_FUNCTION = YES;
				GCC_WARN_UNUSED_VARIABLE = YES;
				IPHONEOS_DEPLOYMENT_TARGET = 11.4;
				MTL_ENABLE_DEBUG_INFO = NO;
				SDKROOT = iphoneos;
				VALIDATE_PRODUCT = YES;
			};
			name = Release;
		};
		EDAEE9CB213E972300E97DF6 /* Debug */ = {
			isa = XCBuildConfiguration;
			buildSettings = {
				ASSETCATALOG_COMPILER_APPICON_NAME = AppIcon;
				CODE_SIGN_STYLE = Automatic;
				ENABLE_STRICT_OBJC_MSGSEND = NO;
				INFOPLIST_FILE = RuntimeDemo/Info.plist;
				LD_RUNPATH_SEARCH_PATHS = (
					"$(inherited)",
					"@executable_path/Frameworks",
				);
				PRODUCT_BUNDLE_IDENTIFIER = michael.RuntimeDemo;
				PRODUCT_NAME = "$(TARGET_NAME)";
				TARGETED_DEVICE_FAMILY = "1,2";
			};
			name = Debug;
		};
		EDAEE9CC213E972300E97DF6 /* Release */ = {
			isa = XCBuildConfiguration;
			buildSettings = {
				ASSETCATALOG_COMPILER_APPICON_NAME = AppIcon;
				CODE_SIGN_STYLE = Automatic;
				ENABLE_STRICT_OBJC_MSGSEND = NO;
				INFOPLIST_FILE = RuntimeDemo/Info.plist;
				LD_RUNPATH_SEARCH_PATHS = (
					"$(inherited)",
					"@executable_path/Frameworks",
				);
				PRODUCT_BUNDLE_IDENTIFIER = michael.RuntimeDemo;
				PRODUCT_NAME = "$(TARGET_NAME)";
				TARGETED_DEVICE_FAMILY = "1,2";
			};
			name = Release;
		};
/* End XCBuildConfiguration section */

/* Begin XCConfigurationList section */
		EDAEE9AF213E972200E97DF6 /* Build configuration list for PBXProject "RuntimeDemo" */ = {
			isa = XCConfigurationList;
			buildConfigurations = (
				EDAEE9C8213E972300E97DF6 /* Debug */,
				EDAEE9C9213E972300E97DF6 /* Release */,
			);
			defaultConfigurationIsVisible = 0;
			defaultConfigurationName = Release;
		};
		EDAEE9CA213E972300E97DF6 /* Build configuration list for PBXNativeTarget "RuntimeDemo" */ = {
			isa = XCConfigurationList;
			buildConfigurations = (
				EDAEE9CB213E972300E97DF6 /* Debug */,
				EDAEE9CC213E972300E97DF6 /* Release */,
			);
			defaultConfigurationIsVisible = 0;
			defaultConfigurationName = Release;
		};
/* End XCConfigurationList section */
	};
	rootObject = EDAEE9AC213E972200E97DF6 /* Project object */;
}
