// !$*UTF8*$!
{
	archiveVersion = 1;
	classes = {
	};
	objectVersion = 50;
	objects = {

/* Begin PBXBuildFile section */
		476D3A8D0B716B43DF0F58DA /* libPods-HttpDemo.a in Frameworks */ = {isa = PBXBuildFile; fileRef = C998F3C70231629CDC3F255A /* libPods-HttpDemo.a */; };
		ED14D7FC213BE69B005A96CF /* AppDelegate.m in Sources */ = {isa = PBXBuildFile; fileRef = ED14D7FB213BE69B005A96CF /* AppDelegate.m */; };
		ED14D7FF213BE69B005A96CF /* ViewController.m in Sources */ = {isa = PBXBuildFile; fileRef = ED14D7FE213BE69B005A96CF /* ViewController.m */; };
		ED14D802213BE69B005A96CF /* Main.storyboard in Resources */ = {isa = PBXBuildFile; fileRef = ED14D800213BE69B005A96CF /* Main.storyboard */; };
		ED14D804213BE69C005A96CF /* Assets.xcassets in Resources */ = {isa = PBXBuildFile; fileRef = ED14D803213BE69C005A96CF /* Assets.xcassets */; };
		ED14D807213BE69C005A96CF /* LaunchScreen.storyboard in Resources */ = {isa = PBXBuildFile; fileRef = ED14D805213BE69C005A96CF /* LaunchScreen.storyboard */; };
		ED14D80A213BE69C005A96CF /* main.m in Sources */ = {isa = PBXBuildFile; fileRef = ED14D809213BE69C005A96CF /* main.m */; };
/* End PBXBuildFile section */

/* Begin PBXFileReference section */
		77F3D44D18A5A85F2AC91588 /* Pods-HttpDemo.release.xcconfig */ = {isa = PBXFileReference; includeInIndex = 1; lastKnownFileType = text.xcconfig; name = "Pods-HttpDemo.release.xcconfig"; path = "Pods/Target Support Files/Pods-HttpDemo/Pods-HttpDemo.release.xcconfig"; sourceTree = "<group>"; };
		8BDF32F66D77B626EA8C892E /* Pods-HttpDemo.debug.xcconfig */ = {isa = PBXFileReference; includeInIndex = 1; lastKnownFileType = text.xcconfig; name = "Pods-HttpDemo.debug.xcconfig"; path = "Pods/Target Support Files/Pods-HttpDemo/Pods-HttpDemo.debug.xcconfig"; sourceTree = "<group>"; };
		C998F3C70231629CDC3F255A /* libPods-HttpDemo.a */ = {isa = PBXFileReference; explicitFileType = archive.ar; includeInIndex = 0; path = "libPods-HttpDemo.a"; sourceTree = BUILT_PRODUCTS_DIR; };
		ED14D7F7213BE69B005A96CF /* HttpDemo.app */ = {isa = PBXFileReference; explicitFileType = wrapper.application; includeInIndex = 0; path = HttpDemo.app; sourceTree = BUILT_PRODUCTS_DIR; };
		ED14D7FA213BE69B005A96CF /* AppDelegate.h */ = {isa = PBXFileReference; lastKnownFileType = sourcecode.c.h; path = AppDelegate.h; sourceTree = "<group>"; };
		ED14D7FB213BE69B005A96CF /* AppDelegate.m */ = {isa = PBXFileReference; lastKnownFileType = sourcecode.c.objc; path = AppDelegate.m; sourceTree = "<group>"; };
		ED14D7FD213BE69B005A96CF /* ViewController.h */ = {isa = PBXFileReference; lastKnownFileType = sourcecode.c.h; path = ViewController.h; sourceTree = "<group>"; };
		ED14D7FE213BE69B005A96CF /* ViewController.m */ = {isa = PBXFileReference; lastKnownFileType = sourcecode.c.objc; path = ViewController.m; sourceTree = "<group>"; };
		ED14D801213BE69B005A96CF /* Base */ = {isa = PBXFileReference; lastKnownFileType = file.storyboard; name = Base; path = Base.lproj/Main.storyboard; sourceTree = "<group>"; };
		ED14D803213BE69C005A96CF /* Assets.xcassets */ = {isa = PBXFileReference; lastKnownFileType = folder.assetcatalog; path = Assets.xcassets; sourceTree = "<group>"; };
		ED14D806213BE69C005A96CF /* Base */ = {isa = PBXFileReference; lastKnownFileType = file.storyboard; name = Base; path = Base.lproj/LaunchScreen.storyboard; sourceTree = "<group>"; };
		ED14D808213BE69C005A96CF /* Info.plist */ = {isa = PBXFileReference; lastKnownFileType = text.plist.xml; path = Info.plist; sourceTree = "<group>"; };
		ED14D809213BE69C005A96CF /* main.m */ = {isa = PBXFileReference; lastKnownFileType = sourcecode.c.objc; path = main.m; sourceTree = "<group>"; };
/* End PBXFileReference section */

/* Begin PBXFrameworksBuildPhase section */
		ED14D7F4213BE69B005A96CF /* Frameworks */ = {
			isa = PBXFrameworksBuildPhase;
			buildActionMask = 2147483647;
			files = (
				476D3A8D0B716B43DF0F58DA /* libPods-HttpDemo.a in Frameworks */,
			);
			runOnlyForDeploymentPostprocessing = 0;
		};
/* End PBXFrameworksBuildPhase section */

/* Begin PBXGroup section */
		03DEF387546CAD52DBF0125E /* Pods */ = {
			isa = PBXGroup;
			children = (
				8BDF32F66D77B626EA8C892E /* Pods-HttpDemo.debug.xcconfig */,
				77F3D44D18A5A85F2AC91588 /* Pods-HttpDemo.release.xcconfig */,
			);
			name = Pods;
			sourceTree = "<group>";
		};
		A6B7905715FD703F1A253897 /* Frameworks */ = {
			isa = PBXGroup;
			children = (
				C998F3C70231629CDC3F255A /* libPods-HttpDemo.a */,
			);
			name = Frameworks;
			sourceTree = "<group>";
		};
		ED14D7EE213BE69B005A96CF = {
			isa = PBXGroup;
			children = (
				ED14D7F9213BE69B005A96CF /* HttpDemo */,
				ED14D7F8213BE69B005A96CF /* Products */,
				03DEF387546CAD52DBF0125E /* Pods */,
				A6B7905715FD703F1A253897 /* Frameworks */,
			);
			sourceTree = "<group>";
		};
		ED14D7F8213BE69B005A96CF /* Products */ = {
			isa = PBXGroup;
			children = (
				ED14D7F7213BE69B005A96CF /* HttpDemo.app */,
			);
			name = Products;
			sourceTree = "<group>";
		};
		ED14D7F9213BE69B005A96CF /* HttpDemo */ = {
			isa = PBXGroup;
			children = (
				ED14D7FA213BE69B005A96CF /* AppDelegate.h */,
				ED14D7FB213BE69B005A96CF /* AppDelegate.m */,
				ED14D7FD213BE69B005A96CF /* ViewController.h */,
				ED14D7FE213BE69B005A96CF /* ViewController.m */,
				ED14D800213BE69B005A96CF /* Main.storyboard */,
				ED14D803213BE69C005A96CF /* Assets.xcassets */,
				ED14D805213BE69C005A96CF /* LaunchScreen.storyboard */,
				ED14D808213BE69C005A96CF /* Info.plist */,
				ED14D809213BE69C005A96CF /* main.m */,
			);
			path = HttpDemo;
			sourceTree = "<group>";
		};
/* End PBXGroup section */

/* Begin PBXNativeTarget section */
		ED14D7F6213BE69B005A96CF /* HttpDemo */ = {
			isa = PBXNativeTarget;
			buildConfigurationList = ED14D80D213BE69C005A96CF /* Build configuration list for PBXNativeTarget "HttpDemo" */;
			buildPhases = (
				7EFB45220476B48BC3528031 /* [CP] Check Pods Manifest.lock */,
				ED14D7F3213BE69B005A96CF /* Sources */,
				ED14D7F4213BE69B005A96CF /* Frameworks */,
				ED14D7F5213BE69B005A96CF /* Resources */,
				84DE689E1430D752FCFCCF38 /* [CP] Embed Pods Frameworks */,
				EB9D8A5D1A7C79060F28F9D7 /* [CP] Copy Pods Resources */,
			);
			buildRules = (
			);
			dependencies = (
			);
			name = HttpDemo;
			productName = HttpDemo;
			productReference = ED14D7F7213BE69B005A96CF /* HttpDemo.app */;
			productType = "com.apple.product-type.application";
		};
/* End PBXNativeTarget section */

/* Begin PBXProject section */
		ED14D7EF213BE69B005A96CF /* Project object */ = {
			isa = PBXProject;
			attributes = {
				LastUpgradeCheck = 0940;
				ORGANIZATIONNAME = MichaelMao;
				TargetAttributes = {
					ED14D7F6213BE69B005A96CF = {
						CreatedOnToolsVersion = 9.4.1;
					};
				};
			};
			buildConfigurationList = ED14D7F2213BE69B005A96CF /* Build configuration list for PBXProject "HttpDemo" */;
			compatibilityVersion = "Xcode 9.3";
			developmentRegion = en;
			hasScannedForEncodings = 0;
			knownRegions = (
				en,
				Base,
			);
			mainGroup = ED14D7EE213BE69B005A96CF;
			productRefGroup = ED14D7F8213BE69B005A96CF /* Products */;
			projectDirPath = "";
			projectRoot = "";
			targets = (
				ED14D7F6213BE69B005A96CF /* HttpDemo */,
			);
		};
/* End PBXProject section */

/* Begin PBXResourcesBuildPhase section */
		ED14D7F5213BE69B005A96CF /* Resources */ = {
			isa = PBXResourcesBuildPhase;
			buildActionMask = 2147483647;
			files = (
				ED14D807213BE69C005A96CF /* LaunchScreen.storyboard in Resources */,
				ED14D804213BE69C005A96CF /* Assets.xcassets in Resources */,
				ED14D802213BE69B005A96CF /* Main.storyboard in Resources */,
			);
			runOnlyForDeploymentPostprocessing = 0;
		};
/* End PBXResourcesBuildPhase section */

/* Begin PBXShellScriptBuildPhase section */
		7EFB45220476B48BC3528031 /* [CP] Check Pods Manifest.lock */ = {
			isa = PBXShellScriptBuildPhase;
			buildActionMask = 2147483647;
			files = (
			);
			inputPaths = (
				"${PODS_PODFILE_DIR_PATH}/Podfile.lock",
				"${PODS_ROOT}/Manifest.lock",
			);
			name = "[CP] Check Pods Manifest.lock";
			outputPaths = (
				"$(DERIVED_FILE_DIR)/Pods-HttpDemo-checkManifestLockResult.txt",
			);
			runOnlyForDeploymentPostprocessing = 0;
			shellPath = /bin/sh;
			shellScript = "diff \"${PODS_PODFILE_DIR_PATH}/Podfile.lock\" \"${PODS_ROOT}/Manifest.lock\" > /dev/null\nif [ $? != 0 ] ; then\n    # print error to STDERR\n    echo \"error: The sandbox is not in sync with the Podfile.lock. Run 'pod install' or update your CocoaPods installation.\" >&2\n    exit 1\nfi\n# This output is used by Xcode 'outputs' to avoid re-running this script phase.\necho \"SUCCESS\" > \"${SCRIPT_OUTPUT_FILE_0}\"\n";
			showEnvVarsInLog = 0;
		};
		84DE689E1430D752FCFCCF38 /* [CP] Embed Pods Frameworks */ = {
			isa = PBXShellScriptBuildPhase;
			buildActionMask = 2147483647;
			files = (
			);
			inputPaths = (
			);
			name = "[CP] Embed Pods Frameworks";
			outputPaths = (
			);
			runOnlyForDeploymentPostprocessing = 0;
			shellPath = /bin/sh;
			shellScript = "\"${SRCROOT}/Pods/Target Support Files/Pods-HttpDemo/Pods-HttpDemo-frameworks.sh\"\n";
			showEnvVarsInLog = 0;
		};
		EB9D8A5D1A7C79060F28F9D7 /* [CP] Copy Pods Resources */ = {
			isa = PBXShellScriptBuildPhase;
			buildActionMask = 2147483647;
			files = (
			);
			inputPaths = (
			);
			name = "[CP] Copy Pods Resources";
			outputPaths = (
			);
			runOnlyForDeploymentPostprocessing = 0;
			shellPath = /bin/sh;
			shellScript = "\"${SRCROOT}/Pods/Target Support Files/Pods-HttpDemo/Pods-HttpDemo-resources.sh\"\n";
			showEnvVarsInLog = 0;
		};
/* End PBXShellScriptBuildPhase section */

/* Begin PBXSourcesBuildPhase section */
		ED14D7F3213BE69B005A96CF /* Sources */ = {
			isa = PBXSourcesBuildPhase;
			buildActionMask = 2147483647;
			files = (
				ED14D7FF213BE69B005A96CF /* ViewController.m in Sources */,
				ED14D80A213BE69C005A96CF /* main.m in Sources */,
				ED14D7FC213BE69B005A96CF /* AppDelegate.m in Sources */,
			);
			runOnlyForDeploymentPostprocessing = 0;
		};
/* End PBXSourcesBuildPhase section */

/* Begin PBXVariantGroup section */
		ED14D800213BE69B005A96CF /* Main.storyboard */ = {
			isa = PBXVariantGroup;
			children = (
				ED14D801213BE69B005A96CF /* Base */,
			);
			name = Main.storyboard;
			sourceTree = "<group>";
		};
		ED14D805213BE69C005A96CF /* LaunchScreen.storyboard */ = {
			isa = PBXVariantGroup;
			children = (
				ED14D806213BE69C005A96CF /* Base */,
			);
			name = LaunchScreen.storyboard;
			sourceTree = "<group>";
		};
/* End PBXVariantGroup section */

/* Begin XCBuildConfiguration section */
		ED14D80B213BE69C005A96CF /* Debug */ = {
			isa = XCBuildConfiguration;
			buildSettings = {
				ALWAYS_SEARCH_USER_PATHS = NO;
				CLANG_ANALYZER_NONNULL = YES;
				CLANG_ANALYZER_NUMBER_OBJECT_CONVERSION = YES_AGGRESSIVE;
				CLANG_CXX_LANGUAGE_STANDARD = "gnu++14";
				CLANG_CXX_LIBRARY = "libc++";
				CLANG_ENABLE_MODULES = YES;
				CLANG_ENABLE_OBJC_ARC = YES;
				CLANG_ENABLE_OBJC_WEAK = YES;
				CLANG_WARN_BLOCK_CAPTURE_AUTORELEASING = YES;
				CLANG_WARN_BOOL_CONVERSION = YES;
				CLANG_WARN_COMMA = YES;
				CLANG_WARN_CONSTANT_CONVERSION = YES;
				CLANG_WARN_DEPRECATED_OBJC_IMPLEMENTATIONS = YES;
				CLANG_WARN_DIRECT_OBJC_ISA_USAGE = YES_ERROR;
				CLANG_WARN_DOCUMENTATION_COMMENTS = YES;
				CLANG_WARN_EMPTY_BODY = YES;
				CLANG_WARN_ENUM_CONVERSION = YES;
				CLANG_WARN_INFINITE_RECURSION = YES;
				CLANG_WARN_INT_CONVERSION = YES;
				CLANG_WARN_NON_LITERAL_NULL_CONVERSION = YES;
				CLANG_WARN_OBJC_IMPLICIT_RETAIN_SELF = YES;
				CLANG_WARN_OBJC_LITERAL_CONVERSION = YES;
				CLANG_WARN_OBJC_ROOT_CLASS = YES_ERROR;
				CLANG_WARN_RANGE_LOOP_ANALYSIS = YES;
				CLANG_WARN_STRICT_PROTOTYPES = YES;
				CLANG_WARN_SUSPICIOUS_MOVE = YES;
				CLANG_WARN_UNGUARDED_AVAILABILITY = YES_AGGRESSIVE;
				CLANG_WARN_UNREACHABLE_CODE = YES;
				CLANG_WARN__DUPLICATE_METHOD_MATCH = YES;
				CODE_SIGN_IDENTITY = "iPhone Developer";
				COPY_PHASE_STRIP = NO;
				DEBUG_INFORMATION_FORMAT = dwarf;
				ENABLE_STRICT_OBJC_MSGSEND = YES;
				ENABLE_TESTABILITY = YES;
				GCC_C_LANGUAGE_STANDARD = gnu11;
				GCC_DYNAMIC_NO_PIC = NO;
				GCC_NO_COMMON_BLOCKS = YES;
				GCC_OPTIMIZATION_LEVEL = 0;
				GCC_PREPROCESSOR_DEFINITIONS = (
					"DEBUG=1",
					"$(inherited)",
				);
				GCC_WARN_64_TO_32_BIT_CONVERSION = YES;
				GCC_WARN_ABOUT_RETURN_TYPE = YES_ERROR;
				GCC_WARN_UNDECLARED_SELECTOR = YES;
				GCC_WARN_UNINITIALIZED_AUTOS = YES_AGGRESSIVE;
				GCC_WARN_UNUSED_FUNCTION = YES;
				GCC_WARN_UNUSED_VARIABLE = YES;
				IPHONEOS_DEPLOYMENT_TARGET = 11.4;
				MTL_ENABLE_DEBUG_INFO = YES;
				ONLY_ACTIVE_ARCH = YES;
				SDKROOT = iphoneos;
			};
			name = Debug;
		};
		ED14D80C213BE69C005A96CF /* Release */ = {
			isa = XCBuildConfiguration;
			buildSettings = {
				ALWAYS_SEARCH_USER_PATHS = NO;
				CLANG_ANALYZER_NONNULL = YES;
				CLANG_ANALYZER_NUMBER_OBJECT_CONVERSION = YES_AGGRESSIVE;
				CLANG_CXX_LANGUAGE_STANDARD = "gnu++14";
				CLANG_CXX_LIBRARY = "libc++";
				CLANG_ENABLE_MODULES = YES;
				CLANG_ENABLE_OBJC_ARC = YES;
				CLANG_ENABLE_OBJC_WEAK = YES;
				CLANG_WARN_BLOCK_CAPTURE_AUTORELEASING = YES;
				CLANG_WARN_BOOL_CONVERSION = YES;
				CLANG_WARN_COMMA = YES;
				CLANG_WARN_CONSTANT_CONVERSION = YES;
				CLANG_WARN_DEPRECATED_OBJC_IMPLEMENTATIONS = YES;
				CLANG_WARN_DIRECT_OBJC_ISA_USAGE = YES_ERROR;
				CLANG_WARN_DOCUMENTATION_COMMENTS = YES;
				CLANG_WARN_EMPTY_BODY = YES;
				CLANG_WARN_ENUM_CONVERSION = YES;
				CLANG_WARN_INFINITE_RECURSION = YES;
				CLANG_WARN_INT_CONVERSION = YES;
				CLANG_WARN_NON_LITERAL_NULL_CONVERSION = YES;
				CLANG_WARN_OBJC_IMPLICIT_RETAIN_SELF = YES;
				CLANG_WARN_OBJC_LITERAL_CONVERSION = YES;
				CLANG_WARN_OBJC_ROOT_CLASS = YES_ERROR;
				CLANG_WARN_RANGE_LOOP_ANALYSIS = YES;
				CLANG_WARN_STRICT_PROTOTYPES = YES;
				CLANG_WARN_SUSPICIOUS_MOVE = YES;
				CLANG_WARN_UNGUARDED_AVAILABILITY = YES_AGGRESSIVE;
				CLANG_WARN_UNREACHABLE_CODE = YES;
				CLANG_WARN__DUPLICATE_METHOD_MATCH = YES;
				CODE_SIGN_IDENTITY = "iPhone Developer";
				COPY_PHASE_STRIP = NO;
				DEBUG_INFORMATION_FORMAT = "dwarf-with-dsym";
				ENABLE_NS_ASSERTIONS = NO;
				ENABLE_STRICT_OBJC_MSGSEND = YES;
				GCC_C_LANGUAGE_STANDARD = gnu11;
				GCC_NO_COMMON_BLOCKS = YES;
				GCC_WARN_64_TO_32_BIT_CONVERSION = YES;
				GCC_WARN_ABOUT_RETURN_TYPE = YES_ERROR;
				GCC_WARN_UNDECLARED_SELECTOR = YES;
				GCC_WARN_UNINITIALIZED_AUTOS = YES_AGGRESSIVE;
				GCC_WARN_UNUSED_FUNCTION = YES;
				GCC_WARN_UNUSED_VARIABLE = YES;
				IPHONEOS_DEPLOYMENT_TARGET = 11.4;
				MTL_ENABLE_DEBUG_INFO = NO;
				SDKROOT = iphoneos;
				VALIDATE_PRODUCT = YES;
			};
			name = Release;
		};
		ED14D80E213BE69C005A96CF /* Debug */ = {
			isa = XCBuildConfiguration;
			baseConfigurationReference = 8BDF32F66D77B626EA8C892E /* Pods-HttpDemo.debug.xcconfig */;
			buildSettings = {
				ASSETCATALOG_COMPILER_APPICON_NAME = AppIcon;
				CODE_SIGN_STYLE = Automatic;
				INFOPLIST_FILE = HttpDemo/Info.plist;
				LD_RUNPATH_SEARCH_PATHS = "$(inherited) @executable_path/Frameworks";
				PRODUCT_BUNDLE_IDENTIFIER = michael.HttpDemo;
				PRODUCT_NAME = "$(TARGET_NAME)";
				TARGETED_DEVICE_FAMILY = "1,2";
			};
			name = Debug;
		};
		ED14D80F213BE69C005A96CF /* Release */ = {
			isa = XCBuildConfiguration;
			baseConfigurationReference = 77F3D44D18A5A85F2AC91588 /* Pods-HttpDemo.release.xcconfig */;
			buildSettings = {
				ASSETCATALOG_COMPILER_APPICON_NAME = AppIcon;
				CODE_SIGN_STYLE = Automatic;
				INFOPLIST_FILE = HttpDemo/Info.plist;
				LD_RUNPATH_SEARCH_PATHS = "$(inherited) @executable_path/Frameworks";
				PRODUCT_BUNDLE_IDENTIFIER = michael.HttpDemo;
				PRODUCT_NAME = "$(TARGET_NAME)";
				TARGETED_DEVICE_FAMILY = "1,2";
			};
			name = Release;
		};
/* End XCBuildConfiguration section */

/* Begin XCConfigurationList section */
		ED14D7F2213BE69B005A96CF /* Build configuration list for PBXProject "HttpDemo" */ = {
			isa = XCConfigurationList;
			buildConfigurations = (
				ED14D80B213BE69C005A96CF /* Debug */,
				ED14D80C213BE69C005A96CF /* Release */,
			);
			defaultConfigurationIsVisible = 0;
			defaultConfigurationName = Release;
		};
		ED14D80D213BE69C005A96CF /* Build configuration list for PBXNativeTarget "HttpDemo" */ = {
			isa = XCConfigurationList;
			buildConfigurations = (
				ED14D80E213BE69C005A96CF /* Debug */,
				ED14D80F213BE69C005A96CF /* Release */,
			);
			defaultConfigurationIsVisible = 0;
			defaultConfigurationName = Release;
		};
/* End XCConfigurationList section */
	};
	rootObject = ED14D7EF213BE69B005A96CF /* Project object */;
}
